
Microsoft Visual Studio Solution File, Format Version 12.00
# Visual Studio Version 17
VisualStudioVersion = 17.11.35327.3
MinimumVisualStudioVersion = 10.0.40219.1
Project("{FAE04EC0-301F-11D3-BF4B-00C04F79EFBC}") = "AspTasks", "AspTasks\AspTasks.csproj", "{8ED9D299-B422-4F3A-AEC0-68D5D560B9A6}"
EndProject
Global
	GlobalSection(SolutionConfigurationPlatforms) = preSolution
		Debug|Any CPU = Debug|Any CPU
		Release|Any CPU = Release|Any CPU
	EndGlobalSection
	GlobalSection(ProjectConfigurationPlatforms) = postSolution
		{8ED9D299-B422-4F3A-AEC0-68D5D560B9A6}.Debug|Any CPU.ActiveCfg = Debug|Any CPU
		{8ED9D299-B422-4F3A-AEC0-68D5D560B9A6}.Debug|Any CPU.Build.0 = Debug|Any CPU
		{8ED9D299-B422-4F3A-AEC0-68D5D560B9A6}.Release|Any CPU.ActiveCfg = Release|Any CPU
		{8ED9D299-B422-4F3A-AEC0-68D5D560B9A6}.Release|Any CPU.Build.0 = Release|Any CPU
	EndGlobalSection
	GlobalSection(SolutionProperties) = preSolution
		HideSolutionNode = FALSE
	EndGlobalSection
	GlobalSection(ExtensibilityGlobals) = postSolution
		SolutionGuid = {492F9789-BEC5-42D9-8545-19D965EDF73B}
	EndGlobalSection
EndGlobal
